{"1.2.0",
[{<<"elli">>,{pkg,<<"elli">>,<<"3.2.0">>},1},
 {<<"gleam_elli">>,{pkg,<<"gleam_elli">>,<<"0.1.1">>},0},
 {<<"gleam_http">>,{pkg,<<"gleam_http">>,<<"1.7.0">>},1},
 {<<"gleam_otp">>,{pkg,<<"gleam_otp">>,<<"0.1.0">>},0},
 {<<"gleam_stdlib">>,{pkg,<<"gleam_stdlib">>,<<"0.13.0">>},0}]}.
[
{pkg_hash,[
 {<<"elli">>, <<"7842861819869EBBFF7230BC77ECF2DF551AE3EAEF5FDE6B01A7561CACCB811E">>},
 {<<"gleam_elli">>, <<"BB9635BFE9ACA8540ADEBA6C622FB25E6E161285EF1384E63660B29902F5B3CA">>},
 {<<"gleam_http">>, <<"EA3DAC4FFCAD0641986A43D5CF065C43CFA97149F41618833E8DAE3B9ACC01D3">>},
 {<<"gleam_otp">>, <<"6E2CC2C379AADBC94DCA77D7381ABB6005D6E34E26F5228B178C07BB4515DC2B">>},
 {<<"gleam_stdlib">>, <<"604A40E0FBE6C688651A5AD5E892913ED314AB626D18D361A7FD8BF367907551">>}]},
{pkg_hash_ext,[
 {<<"elli">>, <<"8DF6BD47ABD809470CE74E3C30C2DAC4B9DCE42B780FCBEA7E51861259448512">>},
 {<<"gleam_elli">>, <<"2EDB05861F7193F807022D0E56F8FC0E3122340623E9EEA61C370130A80D1888">>},
 {<<"gleam_http">>, <<"093CB3CDE4F21157E0D1EAE37C7156EAAE0D5E32A65D67ADCF914CBEB2AB0E17">>},
 {<<"gleam_otp">>, <<"115B50FB701AB417C05963A148ABA8E2EADC9B6178FD7E0B5F29483A2513C7BE">>},
 {<<"gleam_stdlib">>, <<"35A005F4DACA2775687E46F4E20CEC799563A698A16F8BCC0CF281522AD717F1">>}]}
].
